# This file is automatically @generated by Cargo.
# It is not intended for manual editing.
[[package]]
name = "approx"
version = "0.3.2"
source = "registry+https://github.com/rust-lang/crates.io-index"
checksum = "f0e60b75072ecd4168020818c0107f2857bb6c4e64252d8d3983f6263b40a5c3"
dependencies = [
 "num-traits",
]

[[package]]
name = "as-slice"
version = "0.1.3"
source = "registry+https://github.com/rust-lang/crates.io-index"
checksum = "37dfb65bc03b2bc85ee827004f14a6817e04160e3b1a28931986a666a9290e70"
dependencies = [
 "generic-array 0.12.3",
 "generic-array 0.13.2",
 "stable_deref_trait",
]

[[package]]
name = "atk"
version = "0.8.0"
source = "registry+https://github.com/rust-lang/crates.io-index"
checksum = "444daefa55f229af145ea58d77efd23725024ee1f6f3102743709aa6b18c663e"
dependencies = [
 "atk-sys",
 "bitflags",
 "glib",
 "glib-sys",
 "gobject-sys",
 "libc",
]

[[package]]
name = "atk-sys"
version = "0.9.1"
source = "registry+https://github.com/rust-lang/crates.io-index"
checksum = "e552c1776737a4c80110d06b36d099f47c727335f9aaa5d942a72b6863a8ec6f"
dependencies = [
 "glib-sys",
 "gobject-sys",
 "libc",
 "pkg-config",
]

[[package]]
name = "autocfg"
version = "1.0.0"
source = "registry+https://github.com/rust-lang/crates.io-index"
checksum = "f8aac770f1885fd7e387acedd76065302551364496e46b3dd00860b2f8359b9d"

[[package]]
name = "bincode"
version = "1.2.1"
source = "registry+https://github.com/rust-lang/crates.io-index"
checksum = "5753e2a71534719bf3f4e57006c3a4f0d2c672a4b676eec84161f763eca87dbf"
dependencies = [
 "byteorder",
 "serde",
]

[[package]]
name = "bitflags"
version = "1.2.1"
source = "registry+https://github.com/rust-lang/crates.io-index"
checksum = "cf1de2fe8c75bc145a2f577add951f8134889b4795d47466a54a5c846d691693"

[[package]]
name = "bstr"
version = "0.2.13"
source = "registry+https://github.com/rust-lang/crates.io-index"
checksum = "31accafdb70df7871592c058eca3985b71104e15ac32f64706022c58867da931"
dependencies = [
 "lazy_static",
 "memchr",
 "regex-automata",
 "serde",
]

[[package]]
name = "byteorder"
version = "1.3.4"
source = "registry+https://github.com/rust-lang/crates.io-index"
checksum = "08c48aae112d48ed9f069b33538ea9e3e90aa263cfa3d1c24309612b1f7472de"

[[package]]
name = "cairo-rs"
version = "0.8.1"
source = "registry+https://github.com/rust-lang/crates.io-index"
checksum = "157049ba9618aa3a61c39d5d785102c04d3b1f40632a706c621a9aedc21e6084"
dependencies = [
 "bitflags",
 "cairo-sys-rs",
 "glib",
 "glib-sys",
 "gobject-sys",
 "libc",
]

[[package]]
name = "cairo-sys-rs"
version = "0.9.2"
source = "registry+https://github.com/rust-lang/crates.io-index"
checksum = "ff65ba02cac715be836f63429ab00a767d48336efc5497c5637afb53b4f14d63"
dependencies = [
 "glib-sys",
 "libc",
 "pkg-config",
]

[[package]]
name = "cc"
version = "1.0.54"
source = "registry+https://github.com/rust-lang/crates.io-index"
checksum = "7bbb73db36c1246e9034e307d0fba23f9a2e251faa47ade70c1bd252220c8311"

[[package]]
name = "cfg-if"
version = "0.1.10"
source = "registry+https://github.com/rust-lang/crates.io-index"
checksum = "4785bdd1c96b2a846b2bd7cc02e86b6b3dbf14e7e53446c4f54c92a361040822"

[[package]]
name = "chrono"
version = "0.4.11"
source = "registry+https://github.com/rust-lang/crates.io-index"
checksum = "80094f509cf8b5ae86a4966a39b3ff66cd7e2a3e594accec3743ff3fabeab5b2"
dependencies = [
 "num-integer",
 "num-traits",
 "serde",
 "time",
]

[[package]]
name = "cogset"
version = "0.2.0"
source = "registry+https://github.com/rust-lang/crates.io-index"
checksum = "7f2ac61b949c02940a4e2a3a6de8253d22f8336b1376386aa5189d05b800f086"
dependencies = [
 "order-stat",
]

[[package]]
name = "csv"
version = "1.1.3"
source = "registry+https://github.com/rust-lang/crates.io-index"
checksum = "00affe7f6ab566df61b4be3ce8cf16bc2576bca0963ceb0955e45d514bf9a279"
dependencies = [
 "bstr",
 "csv-core",
 "itoa",
 "ryu",
 "serde",
]

[[package]]
name = "csv-core"
version = "0.1.10"
source = "registry+https://github.com/rust-lang/crates.io-index"
checksum = "2b2466559f260f48ad25fe6317b3c8dac77b5bdb5763ac7d9d6103530663bc90"
dependencies = [
 "memchr",
]

[[package]]
name = "futures-channel"
version = "0.3.5"
source = "registry+https://github.com/rust-lang/crates.io-index"
checksum = "f366ad74c28cca6ba456d95e6422883cfb4b252a83bed929c83abfdbbf2967d5"
dependencies = [
 "futures-core",
]

[[package]]
name = "futures-core"
version = "0.3.5"
source = "registry+https://github.com/rust-lang/crates.io-index"
checksum = "59f5fff90fd5d971f936ad674802482ba441b6f09ba5e15fd8b39145582ca399"

[[package]]
name = "futures-executor"
version = "0.3.5"
source = "registry+https://github.com/rust-lang/crates.io-index"
checksum = "10d6bb888be1153d3abeb9006b11b02cf5e9b209fda28693c31ae1e4e012e314"
dependencies = [
 "futures-core",
 "futures-task",
 "futures-util",
]

[[package]]
name = "futures-io"
version = "0.3.5"
source = "registry+https://github.com/rust-lang/crates.io-index"
checksum = "de27142b013a8e869c14957e6d2edeef89e97c289e69d042ee3a49acd8b51789"

[[package]]
name = "futures-macro"
version = "0.3.5"
source = "registry+https://github.com/rust-lang/crates.io-index"
checksum = "d0b5a30a4328ab5473878237c447333c093297bded83a4983d10f4deea240d39"
dependencies = [
 "proc-macro-hack",
 "proc-macro2 1.0.18",
 "quote 1.0.7",
 "syn 1.0.33",
]

[[package]]
name = "futures-task"
version = "0.3.5"
source = "registry+https://github.com/rust-lang/crates.io-index"
checksum = "bdb66b5f09e22019b1ab0830f7785bcea8e7a42148683f99214f73f8ec21a626"
dependencies = [
 "once_cell",
]

[[package]]
name = "futures-util"
version = "0.3.5"
source = "registry+https://github.com/rust-lang/crates.io-index"
checksum = "8764574ff08b701a084482c3c7031349104b07ac897393010494beaa18ce32c6"
dependencies = [
 "futures-core",
 "futures-macro",
 "futures-task",
 "pin-project",
 "pin-utils",
 "proc-macro-hack",
 "proc-macro-nested",
 "slab",
]

[[package]]
name = "gdk"
version = "0.12.1"
source = "registry+https://github.com/rust-lang/crates.io-index"
checksum = "fbe5e8772fc0865c52460cdd7a59d7d47700f44d9809d1dd00eecceb769a7589"
dependencies = [
 "bitflags",
 "cairo-rs",
 "cairo-sys-rs",
 "gdk-pixbuf",
 "gdk-sys",
 "gio",
 "gio-sys",
 "glib",
 "glib-sys",
 "gobject-sys",
 "libc",
 "pango",
]

[[package]]
name = "gdk-pixbuf"
version = "0.8.0"
source = "registry+https://github.com/rust-lang/crates.io-index"
checksum = "e248220c46b329b097d4b158d2717f8c688f16dd76d0399ace82b3e98062bdd7"
dependencies = [
 "gdk-pixbuf-sys",
 "gio",
 "gio-sys",
 "glib",
 "glib-sys",
 "gobject-sys",
 "libc",
]

[[package]]
name = "gdk-pixbuf-sys"
version = "0.9.1"
source = "registry+https://github.com/rust-lang/crates.io-index"
checksum = "d8991b060a9e9161bafd09bf4a202e6fd404f5b4dd1a08d53a1e84256fb34ab0"
dependencies = [
 "gio-sys",
 "glib-sys",
 "gobject-sys",
 "libc",
 "pkg-config",
]

[[package]]
name = "gdk-sys"
version = "0.9.1"
source = "registry+https://github.com/rust-lang/crates.io-index"
checksum = "6adf679e91d1bff0c06860287f80403e7db54c2d2424dce0a470023b56c88fbb"
dependencies = [
 "cairo-sys-rs",
 "gdk-pixbuf-sys",
 "gio-sys",
 "glib-sys",
 "gobject-sys",
 "libc",
 "pango-sys",
 "pkg-config",
]

[[package]]
name = "generic-array"
version = "0.12.3"
source = "registry+https://github.com/rust-lang/crates.io-index"
checksum = "c68f0274ae0e023facc3c97b2e00f076be70e254bc851d972503b328db79b2ec"
dependencies = [
 "typenum",
]

[[package]]
name = "generic-array"
version = "0.13.2"
source = "registry+https://github.com/rust-lang/crates.io-index"
checksum = "0ed1e761351b56f54eb9dcd0cfaca9fd0daecf93918e1cfc01c8a3d26ee7adcd"
dependencies = [
 "typenum",
]

[[package]]
name = "geo"
version = "0.14.0"
source = "registry+https://github.com/rust-lang/crates.io-index"
checksum = "61d3eed372074e881b542287efa5f8766170b2f983a62e9f02bf70dd2bc72bbc"
dependencies = [
 "geo-types",
 "geographiclib-rs",
 "num-traits",
 "rstar",
]

[[package]]
name = "geo-types"
version = "0.6.0"
source = "registry+https://github.com/rust-lang/crates.io-index"
checksum = "407043938de169e80c31cef3c46c99faccd4d002ea8120c637f29a6958820c62"
dependencies = [
 "approx",
 "num-traits",
 "rstar",
]

[[package]]
name = "geographiclib-rs"
version = "0.2.0"
source = "registry+https://github.com/rust-lang/crates.io-index"
checksum = "b78e20d5d868fa2c4182a8170cb4df261e781a605810e3c1500269c1907da461"
dependencies = [
 "lazy_static",
]

[[package]]
name = "gexiv2-sys"
version = "1.1.1"
source = "registry+https://github.com/rust-lang/crates.io-index"
checksum = "edc8f7e79962171a99792ff6895fac7abe89380c02f9abf9dc73c88f2e56697c"
dependencies = [
 "libc",
 "pkg-config",
]

[[package]]
name = "gio"
version = "0.8.1"
source = "registry+https://github.com/rust-lang/crates.io-index"
checksum = "0cd10f9415cce39b53f8024bf39a21f84f8157afa52da53837b102e585a296a5"
dependencies = [
 "bitflags",
 "futures-channel",
 "futures-core",
 "futures-io",
 "futures-util",
 "gio-sys",
 "glib",
 "glib-sys",
 "gobject-sys",
 "lazy_static",
 "libc",
]

[[package]]
name = "gio-sys"
version = "0.9.1"
source = "registry+https://github.com/rust-lang/crates.io-index"
checksum = "4fad225242b9eae7ec8a063bb86974aca56885014672375e5775dc0ea3533911"
dependencies = [
 "glib-sys",
 "gobject-sys",
 "libc",
 "pkg-config",
]

[[package]]
name = "glib"
version = "0.9.3"
source = "registry+https://github.com/rust-lang/crates.io-index"
checksum = "40fb573a09841b6386ddf15fd4bc6655b4f5b106ca962f57ecaecde32a0061c0"
dependencies = [
 "bitflags",
 "futures-channel",
 "futures-core",
 "futures-executor",
 "futures-task",
 "futures-util",
 "glib-sys",
 "gobject-sys",
 "lazy_static",
 "libc",
]

[[package]]
name = "glib-sys"
version = "0.9.1"
source = "registry+https://github.com/rust-lang/crates.io-index"
checksum = "95856f3802f446c05feffa5e24859fe6a183a7cb849c8449afc35c86b1e316e2"
dependencies = [
 "libc",
 "pkg-config",
]

[[package]]
name = "gobject-sys"
version = "0.9.1"
source = "registry+https://github.com/rust-lang/crates.io-index"
checksum = "31d1a804f62034eccf370006ccaef3708a71c31d561fee88564abe71177553d9"
dependencies = [
 "glib-sys",
 "libc",
 "pkg-config",
]

[[package]]
name = "gtk"
version = "0.8.1"
source = "registry+https://github.com/rust-lang/crates.io-index"
checksum = "87e1e8d70290239c668594002d1b174fcc7d7ef5d26670ee141490ede8facf8f"
dependencies = [
 "atk",
 "bitflags",
 "cairo-rs",
 "cairo-sys-rs",
 "cc",
 "gdk",
 "gdk-pixbuf",
 "gdk-pixbuf-sys",
 "gdk-sys",
 "gio",
 "gio-sys",
 "glib",
 "glib-sys",
 "gobject-sys",
 "gtk-sys",
 "lazy_static",
 "libc",
 "pango",
 "pango-sys",
]

[[package]]
name = "gtk-sys"
version = "0.9.2"
source = "registry+https://github.com/rust-lang/crates.io-index"
checksum = "53def660c7b48b00b510c81ef2d2fbd3c570f1527081d8d7947f471513e1a4c1"
dependencies = [
 "atk-sys",
 "cairo-sys-rs",
 "gdk-pixbuf-sys",
 "gdk-sys",
 "gio-sys",
 "glib-sys",
 "gobject-sys",
 "libc",
 "pango-sys",
 "pkg-config",
]

[[package]]
name = "hash32"
version = "0.1.1"
source = "registry+https://github.com/rust-lang/crates.io-index"
checksum = "d4041af86e63ac4298ce40e5cca669066e75b6f1aa3390fe2561ffa5e1d9f4cc"
dependencies = [
 "byteorder",
]

[[package]]
name = "heapless"
version = "0.5.5"
source = "registry+https://github.com/rust-lang/crates.io-index"
checksum = "73a8a2391a3bc70b31f60e7a90daa5755a360559c0b6b9c5cfc0fee482362dc0"
dependencies = [
 "as-slice",
 "generic-array 0.13.2",
 "hash32",
 "stable_deref_trait",
]

[[package]]
name = "itoa"
version = "0.4.6"
source = "registry+https://github.com/rust-lang/crates.io-index"
checksum = "dc6f3ad7b9d11a0c00842ff8de1b60ee58661048eb8049ed33c73594f359d7e6"

[[package]]
name = "kdtree"
version = "0.6.0"
source = "registry+https://github.com/rust-lang/crates.io-index"
checksum = "80ee359328fc9087e9e3fc0a4567c4dd27ec69a127d6a70e8d9dd22845b8b1a2"
dependencies = [
 "num-traits",
 "serde",
 "serde_derive",
]

[[package]]
name = "lazy_static"
version = "1.4.0"
source = "registry+https://github.com/rust-lang/crates.io-index"
checksum = "e2abad23fbc42b3700f2f279844dc832adb2b2eb069b2df918f455c4e18cc646"

[[package]]
name = "libc"
version = "0.2.71"
source = "registry+https://github.com/rust-lang/crates.io-index"
checksum = "9457b06509d27052635f90d6466700c65095fdf75409b3fbdd903e988b886f49"

[[package]]
name = "location_history"
version = "0.2.2"
source = "registry+https://github.com/rust-lang/crates.io-index"
checksum = "20f0c726f4adbd13ee981fb2a203989933690882c763087f07cc55875899a797"
dependencies = [
 "chrono",
 "serde",
 "serde_derive",
 "serde_json",
]

[[package]]
name = "log"
version = "0.4.8"
source = "registry+https://github.com/rust-lang/crates.io-index"
checksum = "14b6052be84e6b71ab17edffc2eeabf5c2c3ae1fdb464aae35ac50c67a44e1f7"
dependencies = [
 "cfg-if",
]

[[package]]
name = "memchr"
version = "2.3.3"
source = "registry+https://github.com/rust-lang/crates.io-index"
checksum = "3728d817d99e5ac407411fa471ff9800a778d88a24685968b36824eaf4bee400"

[[package]]
name = "num-integer"
version = "0.1.43"
source = "registry+https://github.com/rust-lang/crates.io-index"
checksum = "8d59457e662d541ba17869cf51cf177c0b5f0cbf476c66bdc90bf1edac4f875b"
dependencies = [
 "autocfg",
 "num-traits",
]

[[package]]
name = "num-rational"
version = "0.2.4"
source = "registry+https://github.com/rust-lang/crates.io-index"
checksum = "5c000134b5dbf44adc5cb772486d335293351644b801551abe8f75c84cfa4aef"
dependencies = [
 "autocfg",
 "num-integer",
 "num-traits",
]

[[package]]
name = "num-traits"
version = "0.2.12"
source = "registry+https://github.com/rust-lang/crates.io-index"
checksum = "ac267bcc07f48ee5f8935ab0d24f316fb722d7a1292e2913f0cc196b29ffd611"
dependencies = [
 "autocfg",
]

[[package]]
name = "once_cell"
version = "1.4.0"
source = "registry+https://github.com/rust-lang/crates.io-index"
checksum = "0b631f7e854af39a1739f401cf34a8a013dfe09eac4fa4dba91e9768bd28168d"

[[package]]
name = "order-stat"
version = "0.1.3"
source = "registry+https://github.com/rust-lang/crates.io-index"
checksum = "efa535d5117d3661134dbf1719b6f0ffe06f2375843b13935db186cd094105eb"

[[package]]
name = "osmgpsmap"
version = "0.2.14"
source = "registry+https://github.com/rust-lang/crates.io-index"
checksum = "c7e0fb6f8e913f9ab67c72cbe0f8543fb03710a1ddcb1d64f0dd583b5f140700"
dependencies = [
 "cairo-rs",
 "gdk",
 "gdk-pixbuf",
 "glib",
 "glib-sys",
 "gobject-sys",
 "gtk",
 "gtk-sys",
 "libc",
 "osmgpsmap-sys",
]

[[package]]
name = "osmgpsmap-sys"
version = "0.2.14"
source = "registry+https://github.com/rust-lang/crates.io-index"
checksum = "26272993fa1431653e9e5e9e302204407c5b8d9ab5e8946eb938a6f28ec55b28"
dependencies = [
 "cairo-sys-rs",
 "gdk-pixbuf-sys",
 "gdk-sys",
 "glib-sys",
 "gobject-sys",
 "gtk-sys",
 "libc",
 "pkg-config",
]

[[package]]
name = "pango"
version = "0.8.0"
source = "registry+https://github.com/rust-lang/crates.io-index"
checksum = "1e9c6b728f1be8edb5f9f981420b651d5ea30bdb9de89f1f1262d0084a020577"
dependencies = [
 "bitflags",
 "glib",
 "glib-sys",
 "gobject-sys",
 "lazy_static",
 "libc",
 "pango-sys",
]

[[package]]
name = "pango-sys"
version = "0.9.1"
source = "registry+https://github.com/rust-lang/crates.io-index"
checksum = "86b93d84907b3cf0819bff8f13598ba72843bee579d5ebc2502e4b0367b4be7d"
dependencies = [
 "glib-sys",
 "gobject-sys",
 "libc",
 "pkg-config",
]

[[package]]
name = "pdqselect"
version = "0.1.0"
source = "registry+https://github.com/rust-lang/crates.io-index"
checksum = "4ec91767ecc0a0bbe558ce8c9da33c068066c57ecc8bb8477ef8c1ad3ef77c27"

[[package]]
name = "photos-rs"
version = "0.1.0"
dependencies = [
 "chrono",
 "cogset",
 "gdk",
 "gdk-pixbuf",
 "geo",
 "glib",
 "gtk",
 "gtk-sys",
 "location_history",
 "osmgpsmap",
 "relm",
 "relm-attributes",
 "relm-derive",
 "rexiv2",
 "rgeo",
 "walkdir",
]

[[package]]
name = "pin-project"
version = "0.4.22"
source = "registry+https://github.com/rust-lang/crates.io-index"
checksum = "12e3a6cdbfe94a5e4572812a0201f8c0ed98c1c452c7b8563ce2276988ef9c17"
dependencies = [
 "pin-project-internal",
]

[[package]]
name = "pin-project-internal"
version = "0.4.22"
source = "registry+https://github.com/rust-lang/crates.io-index"
checksum = "6a0ffd45cf79d88737d7cc85bfd5d2894bee1139b356e616fe85dc389c61aaf7"
dependencies = [
 "proc-macro2 1.0.18",
 "quote 1.0.7",
 "syn 1.0.33",
]

[[package]]
name = "pin-utils"
version = "0.1.0"
source = "registry+https://github.com/rust-lang/crates.io-index"
checksum = "8b870d8c151b6f2fb93e84a13146138f05d02ed11c7e7c54f8826aaaf7c9f184"

[[package]]
name = "pkg-config"
version = "0.3.17"
source = "registry+https://github.com/rust-lang/crates.io-index"
checksum = "05da548ad6865900e60eaba7f589cc0783590a92e940c26953ff81ddbab2d677"

[[package]]
name = "proc-macro-hack"
version = "0.5.16"
source = "registry+https://github.com/rust-lang/crates.io-index"
checksum = "7e0456befd48169b9f13ef0f0ad46d492cf9d2dbb918bcf38e01eed4ce3ec5e4"

[[package]]
name = "proc-macro-nested"
version = "0.1.6"
source = "registry+https://github.com/rust-lang/crates.io-index"
checksum = "eba180dafb9038b050a4c280019bbedf9f2467b61e5d892dcad585bb57aadc5a"

[[package]]
name = "proc-macro2"
version = "0.4.30"
source = "registry+https://github.com/rust-lang/crates.io-index"
checksum = "cf3d2011ab5c909338f7887f4fc896d35932e29146c12c8d01da6b22a80ba759"
dependencies = [
 "unicode-xid 0.1.0",
]

[[package]]
name = "proc-macro2"
version = "1.0.18"
source = "registry+https://github.com/rust-lang/crates.io-index"
checksum = "beae6331a816b1f65d04c45b078fd8e6c93e8071771f41b8163255bbd8d7c8fa"
dependencies = [
 "unicode-xid 0.2.0",
]

[[package]]
name = "quote"
version = "0.6.13"
source = "registry+https://github.com/rust-lang/crates.io-index"
checksum = "6ce23b6b870e8f94f81fb0a363d65d86675884b34a09043c81e5562f11c1f8e1"
dependencies = [
 "proc-macro2 0.4.30",
]

[[package]]
name = "quote"
version = "1.0.7"
source = "registry+https://github.com/rust-lang/crates.io-index"
checksum = "aa563d17ecb180e500da1cfd2b028310ac758de548efdd203e18f283af693f37"
dependencies = [
 "proc-macro2 1.0.18",
]

[[package]]
name = "regex-automata"
version = "0.1.9"
source = "registry+https://github.com/rust-lang/crates.io-index"
checksum = "ae1ded71d66a4a97f5e961fd0cb25a5f366a42a41570d16a763a69c092c26ae4"
dependencies = [
 "byteorder",
]

[[package]]
name = "relm"
version = "0.19.0"
source = "registry+https://github.com/rust-lang/crates.io-index"
checksum = "c0c34e3fa74d3f5ce786e3f78c0375f3ed06a0c2a1bdd2e9e8f166029c7c6875"
dependencies = [
 "cairo-rs",
 "glib",
 "glib-sys",
 "gobject-sys",
 "gtk",
 "libc",
 "log",
 "quote 0.6.13",
 "syn 0.15.44",
]

[[package]]
name = "relm-attributes"
version = "0.16.0"
source = "registry+https://github.com/rust-lang/crates.io-index"
checksum = "4a8db24611fee7bb021f3aad7c4eaaba6d360947860b78b933a4d3ef86079b7f"
dependencies = [
 "quote 0.6.13",
 "relm-gen-widget",
 "syn 0.15.44",
]

[[package]]
name = "relm-derive"
version = "0.19.1"
source = "registry+https://github.com/rust-lang/crates.io-index"
checksum = "079512f9527acde25ab56f5620c2b527a444e51db9c94b5d4c35634e8f04da88"
dependencies = [
 "lazy_static",
 "proc-macro2 0.4.30",
 "quote 0.6.13",
 "syn 0.15.44",
]

[[package]]
name = "relm-gen-widget"
version = "0.16.0"
source = "registry+https://github.com/rust-lang/crates.io-index"
checksum = "49ad47b054bdc12c90fb6b37c81ef785ee2a4a8a92c4e150b18325052766fbb0"
dependencies = [
 "lazy_static",
 "proc-macro2 0.4.30",
 "quote 0.6.13",
 "syn 0.15.44",
]

[[package]]
name = "rexiv2"
version = "0.9.0"
source = "registry+https://github.com/rust-lang/crates.io-index"
checksum = "982534bb5ab05ec02973487cb3338392dc68fdc8e189fdcf268ef8c95a78cfa8"
dependencies = [
 "gexiv2-sys",
 "libc",
 "num-rational",
]

[[package]]
name = "rgeo"
version = "0.2.3"
source = "registry+https://github.com/rust-lang/crates.io-index"
checksum = "5316f497f2c1711a6f5c9d977ff926474453083365381e891f6f8e0d6444ba66"
dependencies = [
 "bincode",
 "csv",
 "kdtree",
 "lazy_static",
 "serde",
 "serde_derive",
 "serde_json",
]

[[package]]
name = "rstar"
version = "0.8.1"
source = "registry+https://github.com/rust-lang/crates.io-index"
checksum = "15e46bec73564751b8f0a240780db62d8dc850bd9d8f3742eeba99623f18e048"
dependencies = [
 "heapless",
 "num-traits",
 "pdqselect",
 "smallvec",
]

[[package]]
name = "ryu"
version = "1.0.5"
source = "registry+https://github.com/rust-lang/crates.io-index"
checksum = "71d301d4193d031abdd79ff7e3dd721168a9572ef3fe51a1517aba235bd8f86e"

[[package]]
name = "same-file"
version = "1.0.6"
source = "registry+https://github.com/rust-lang/crates.io-index"
checksum = "93fc1dc3aaa9bfed95e02e6eadabb4baf7e3078b0bd1b4d7b6b0b68378900502"
dependencies = [
 "winapi-util",
]

[[package]]
name = "serde"
version = "1.0.114"
source = "registry+https://github.com/rust-lang/crates.io-index"
checksum = "5317f7588f0a5078ee60ef675ef96735a1442132dc645eb1d12c018620ed8cd3"

[[package]]
name = "serde_derive"
version = "1.0.114"
source = "registry+https://github.com/rust-lang/crates.io-index"
checksum = "2a0be94b04690fbaed37cddffc5c134bf537c8e3329d53e982fe04c374978f8e"
dependencies = [
 "proc-macro2 1.0.18",
 "quote 1.0.7",
 "syn 1.0.33",
]

[[package]]
name = "serde_json"
version = "1.0.55"
source = "registry+https://github.com/rust-lang/crates.io-index"
checksum = "ec2c5d7e739bc07a3e73381a39d61fdb5f671c60c1df26a130690665803d8226"
dependencies = [
 "itoa",
 "ryu",
 "serde",
]

[[package]]
name = "slab"
version = "0.4.2"
source = "registry+https://github.com/rust-lang/crates.io-index"
checksum = "c111b5bd5695e56cffe5129854aa230b39c93a305372fdbb2668ca2394eea9f8"

[[package]]
name = "smallvec"
version = "1.4.0"
source = "registry+https://github.com/rust-lang/crates.io-index"
checksum = "c7cb5678e1615754284ec264d9bb5b4c27d2018577fd90ac0ceb578591ed5ee4"

[[package]]
name = "stable_deref_trait"
version = "1.1.1"
source = "registry+https://github.com/rust-lang/crates.io-index"
checksum = "dba1a27d3efae4351c8051072d619e3ade2820635c3958d826bfea39d59b54c8"

[[package]]
name = "syn"
version = "0.15.44"
source = "registry+https://github.com/rust-lang/crates.io-index"
checksum = "9ca4b3b69a77cbe1ffc9e198781b7acb0c7365a883670e8f1c1bc66fba79a5c5"
dependencies = [
 "proc-macro2 0.4.30",
 "quote 0.6.13",
 "unicode-xid 0.1.0",
]

[[package]]
name = "syn"
version = "1.0.33"
source = "registry+https://github.com/rust-lang/crates.io-index"
checksum = "e8d5d96e8cbb005d6959f119f773bfaebb5684296108fb32600c00cde305b2cd"
dependencies = [
 "proc-macro2 1.0.18",
 "quote 1.0.7",
 "unicode-xid 0.2.0",
]

[[package]]
name = "time"
version = "0.1.43"
source = "registry+https://github.com/rust-lang/crates.io-index"
checksum = "ca8a50ef2360fbd1eeb0ecd46795a87a19024eb4b53c5dc916ca1fd95fe62438"
dependencies = [
 "libc",
 "winapi",
]

[[package]]
name = "typenum"
version = "1.12.0"
source = "registry+https://github.com/rust-lang/crates.io-index"
checksum = "373c8a200f9e67a0c95e62a4f52fbf80c23b4381c05a17845531982fa99e6b33"

[[package]]
name = "unicode-xid"
version = "0.1.0"
source = "registry+https://github.com/rust-lang/crates.io-index"
checksum = "fc72304796d0818e357ead4e000d19c9c174ab23dc11093ac919054d20a6a7fc"

[[package]]
name = "unicode-xid"
version = "0.2.0"
source = "registry+https://github.com/rust-lang/crates.io-index"
checksum = "826e7639553986605ec5979c7dd957c7895e93eabed50ab2ffa7f6128a75097c"

[[package]]
name = "walkdir"
version = "2.3.1"
source = "registry+https://github.com/rust-lang/crates.io-index"
checksum = "777182bc735b6424e1a57516d35ed72cb8019d85c8c9bf536dccb3445c1a2f7d"
dependencies = [
 "same-file",
 "winapi",
 "winapi-util",
]

[[package]]
name = "winapi"
version = "0.3.8"
source = "registry+https://github.com/rust-lang/crates.io-index"
checksum = "8093091eeb260906a183e6ae1abdba2ef5ef2257a21801128899c3fc699229c6"
dependencies = [
 "winapi-i686-pc-windows-gnu",
 "winapi-x86_64-pc-windows-gnu",
]

[[package]]
name = "winapi-i686-pc-windows-gnu"
version = "0.4.0"
source = "registry+https://github.com/rust-lang/crates.io-index"
checksum = "ac3b87c63620426dd9b991e5ce0329eff545bccbbb34f3be09ff6fb6ab51b7b6"

[[package]]
name = "winapi-util"
version = "0.1.5"
source = "registry+https://github.com/rust-lang/crates.io-index"
checksum = "70ec6ce85bb158151cae5e5c87f95a8e97d2c0c4b001223f33a334e3ce5de178"
dependencies = [
 "winapi",
]

[[package]]
name = "winapi-x86_64-pc-windows-gnu"
version = "0.4.0"
source = "registry+https://github.com/rust-lang/crates.io-index"
checksum = "712e227841d057c1ee1cd2fb22fa7e5a5461ae8e48fa2ca79ec42cfc1931183f"
